{
  "name": "consumer",
  "version": "1.0.0",
  "lockfileVersion": 3,
  "requires": true,
  "packages": {
    "": {
      "name": "consumer",
      "version": "1.0.0",
      "license": "ISC",
      "dependencies": {
        "esm": "^3.2.25",
        "spin": "file:../spin"
      }
    },
    "../spin": {
      "name": "spin-frontend",
      "version": "0.0.1",
      "dependencies": {
        "@rollup/plugin-commonjs": "^26.0.1",
        "@rollup/plugin-json": "^6.1.0",
        "@rollup/plugin-node-resolve": "^15.2.3",
        "@rollup/plugin-typescript": "^11.1.6",
        "@rollup/plugin-wasm": "^6.2.2",
        "game_logic": "file:../../gameplay/provable_game_logic/pkg",
        "rollup": "^4.18.0",
        "rollup-plugin-commonjs": "^10.1.0",
        "rollup-plugin-node-resolve": "^5.2.0",
        "rollup-plugin-typescript2": "^0.36.0",
        "zkwasm-service-helper": "github:DelphinusLab/zkWasm-service-helper"
      },
      "devDependencies": {
        "typescript": "^5.4.5"
      }
    },
    "node_modules/esm": {
      "version": "3.2.25",
      "resolved": "https://registry.npmjs.org/esm/-/esm-3.2.25.tgz",
      "integrity": "sha512-U1suiZ2oDVWv4zPO56S0NcR5QriEahGtdN2OR6FiOG4WJvcjBVFB0qI4+eKoWFH483PKGuLuu6V8Z4T5g63UVA==",
      "engines": {
        "node": ">=6"
      }
    },
    "node_modules/spin": {
      "resolved": "../spin",
      "link": true
    }
  }
}
