{
  "name": "spinsdk",
  "version": "1.0.0",
  "lockfileVersion": 3,
  "requires": true,
  "packages": {
    "": {
      "name": "spinsdk",
      "version": "1.0.0",
      "license": "ISC",
      "dependencies": {
        "spinsdk": "github:m4-team/zk-sdk#experimental-npm-package"
      }
    },
    "node_modules/spinsdk": {
      "version": "1.0.0",
      "resolved": "git+ssh://git@github.com/m4-team/zk-sdk.git#46bb779f7590b7c376e0361cbf5991c6b92d74ed",
      "license": "ISC"
    }
  }
}
