{
  "name": "spinsdk",
  "version": "1.0.0",
  "lockfileVersion": 3,
  "requires": true,
  "packages": {
    "": {
      "name": "spinsdk",
      "version": "1.0.0",
      "license": "ISC",
      "dependencies": {
        "spinsdk": "github:m4-team/zk-sdk#experimental-npm-package"
      },
      "bin": {
        "spinsdk": "index.js"
      }
    },
    "node_modules/spinsdk": {
      "version": "1.0.0",
      "resolved": "git+ssh://git@github.com/m4-team/zk-sdk.git#5db12670b3c21881f80f1791344ddf9416cbbb12",
      "license": "ISC",
      "bin": {
        "spinsdk": "index.js"
      }
    }
  }
}
